
Microsoft Visual Studio Solution File, Format Version 12.00
# Visual Studio 15
VisualStudioVersion = 15.0.28010.0
MinimumVisualStudioVersion = 10.0.40219.1
Project("{2150E333-8FDC-42A3-9474-1A3956D46DE8}") = "src", "src", "{0094F1DC-7788-4121-AB62-8C9342EDDA4F}"
EndProject
Project("{2150E333-8FDC-42A3-9474-1A3956D46DE8}") = "tests", "tests", "{15CCB85A-2B85-47EB-8AD3-E04B10FDC820}"
EndProject
Project("{FAE04EC0-301F-11D3-BF4B-00C04F79EFBC}") = "Spotify.Api", "Spotify.Api\Spotify.Api.csproj", "{5121D753-464A-4641-9C03-79E3BF9100F3}"
EndProject
Project("{FAE04EC0-301F-11D3-BF4B-00C04F79EFBC}") = "Spotify.Api.Tests", "Spotify.Api.Tests\Spotify.Api.Tests.csproj", "{17B0A3FD-7825-415D-A4B7-507464ABA454}"
EndProject
Global
	GlobalSection(SolutionConfigurationPlatforms) = preSolution
		Debug|Any CPU = Debug|Any CPU
		Release|Any CPU = Release|Any CPU
	EndGlobalSection
	GlobalSection(ProjectConfigurationPlatforms) = postSolution
		{5121D753-464A-4641-9C03-79E3BF9100F3}.Debug|Any CPU.ActiveCfg = Debug|Any CPU
		{5121D753-464A-4641-9C03-79E3BF9100F3}.Debug|Any CPU.Build.0 = Debug|Any CPU
		{5121D753-464A-4641-9C03-79E3BF9100F3}.Release|Any CPU.ActiveCfg = Release|Any CPU
		{5121D753-464A-4641-9C03-79E3BF9100F3}.Release|Any CPU.Build.0 = Release|Any CPU
		{17B0A3FD-7825-415D-A4B7-507464ABA454}.Debug|Any CPU.ActiveCfg = Debug|Any CPU
		{17B0A3FD-7825-415D-A4B7-507464ABA454}.Debug|Any CPU.Build.0 = Debug|Any CPU
		{17B0A3FD-7825-415D-A4B7-507464ABA454}.Release|Any CPU.ActiveCfg = Release|Any CPU
		{17B0A3FD-7825-415D-A4B7-507464ABA454}.Release|Any CPU.Build.0 = Release|Any CPU
	EndGlobalSection
	GlobalSection(SolutionProperties) = preSolution
		HideSolutionNode = FALSE
	EndGlobalSection
	GlobalSection(NestedProjects) = preSolution
		{5121D753-464A-4641-9C03-79E3BF9100F3} = {0094F1DC-7788-4121-AB62-8C9342EDDA4F}
		{17B0A3FD-7825-415D-A4B7-507464ABA454} = {15CCB85A-2B85-47EB-8AD3-E04B10FDC820}
	EndGlobalSection
	GlobalSection(ExtensibilityGlobals) = postSolution
		SolutionGuid = {2ACAE339-36AD-4425-A2A8-805DAE1C3214}
	EndGlobalSection
EndGlobal
